
Microsoft Visual Studio Solution File, Format Version 12.00
# Visual Studio 15
VisualStudioVersion = 15.0.27130.2010
MinimumVisualStudioVersion = 10.0.40219.1
Project("{FAE04EC0-301F-11D3-BF4B-00C04F79EFBC}") = "VanPhongCongChung", "VanPhongCongChung\VanPhongCongChung.csproj", "{E01830DE-2EAF-4EEB-AF5F-FDA1637CD4C3}"
EndProject
Project("{FAE04EC0-301F-11D3-BF4B-00C04F79EFBC}") = "Models", "Models\Models.csproj", "{4CD6F3DD-98C0-413A-B666-84A8C58EF4A9}"
EndProject
Global
	GlobalSection(SolutionConfigurationPlatforms) = preSolution
		Debug|Any CPU = Debug|Any CPU
		Release|Any CPU = Release|Any CPU
	EndGlobalSection
	GlobalSection(ProjectConfigurationPlatforms) = postSolution
		{E01830DE-2EAF-4EEB-AF5F-FDA1637CD4C3}.Debug|Any CPU.ActiveCfg = Debug|Any CPU
		{E01830DE-2EAF-4EEB-AF5F-FDA1637CD4C3}.Debug|Any CPU.Build.0 = Debug|Any CPU
		{E01830DE-2EAF-4EEB-AF5F-FDA1637CD4C3}.Release|Any CPU.ActiveCfg = Release|Any CPU
		{E01830DE-2EAF-4EEB-AF5F-FDA1637CD4C3}.Release|Any CPU.Build.0 = Release|Any CPU
		{4CD6F3DD-98C0-413A-B666-84A8C58EF4A9}.Debug|Any CPU.ActiveCfg = Debug|Any CPU
		{4CD6F3DD-98C0-413A-B666-84A8C58EF4A9}.Debug|Any CPU.Build.0 = Debug|Any CPU
		{4CD6F3DD-98C0-413A-B666-84A8C58EF4A9}.Release|Any CPU.ActiveCfg = Release|Any CPU
		{4CD6F3DD-98C0-413A-B666-84A8C58EF4A9}.Release|Any CPU.Build.0 = Release|Any CPU
	EndGlobalSection
	GlobalSection(SolutionProperties) = preSolution
		HideSolutionNode = FALSE
	EndGlobalSection
	GlobalSection(ExtensibilityGlobals) = postSolution
		SolutionGuid = {9FFDEE73-6277-404F-B847-0FDC97C9D0E0}
	EndGlobalSection
EndGlobal
